// !$*UTF8*$!
{
	archiveVersion = 1;
	classes = {
	};
	objectVersion = 56;
	objects = {

/* Begin PBXBuildFile section */
		041880002A01D2E800E33CB4 /* localization.swift in Sources */ = {isa = PBXBuildFile; fileRef = 04187FFF2A01D2E800E33CB4 /* localization.swift */; };
		045372CC2A0C161C00588719 /* customAlert.swift in Sources */ = {isa = PBXBuildFile; fileRef = 045372CB2A0C161C00588719 /* customAlert.swift */; };
		045372DC2A0C17C700588719 /* FirebaseAnalytics in Frameworks */ = {isa = PBXBuildFile; productRef = 045372DB2A0C17C700588719 /* FirebaseAnalytics */; };
		045372DE2A0C17C700588719 /* FirebaseAnalyticsOnDeviceConversion in Frameworks */ = {isa = PBXBuildFile; productRef = 045372DD2A0C17C700588719 /* FirebaseAnalyticsOnDeviceConversion */; };
		045372E02A0C17C700588719 /* FirebaseAuth in Frameworks */ = {isa = PBXBuildFile; productRef = 045372DF2A0C17C700588719 /* FirebaseAuth */; };
		045372E22A0C17C700588719 /* FirebaseAuthCombine-Community in Frameworks */ = {isa = PBXBuildFile; productRef = 045372E12A0C17C700588719 /* FirebaseAuthCombine-Community */; };
		045372E42A0C17C700588719 /* FirebaseDatabase in Frameworks */ = {isa = PBXBuildFile; productRef = 045372E32A0C17C700588719 /* FirebaseDatabase */; };
		045372E62A0C17C700588719 /* FirebaseDatabaseSwift in Frameworks */ = {isa = PBXBuildFile; productRef = 045372E52A0C17C700588719 /* FirebaseDatabaseSwift */; };
		045372E82A0C17C700588719 /* FirebaseFirestore in Frameworks */ = {isa = PBXBuildFile; productRef = 045372E72A0C17C700588719 /* FirebaseFirestore */; };
		045372EA2A0C17C700588719 /* FirebaseFirestoreCombine-Community in Frameworks */ = {isa = PBXBuildFile; productRef = 045372E92A0C17C700588719 /* FirebaseFirestoreCombine-Community */; };
		045372EC2A0C17C700588719 /* FirebaseStorage in Frameworks */ = {isa = PBXBuildFile; productRef = 045372EB2A0C17C700588719 /* FirebaseStorage */; };
		045372EE2A0C17C700588719 /* FirebaseStorageCombine-Community in Frameworks */ = {isa = PBXBuildFile; productRef = 045372ED2A0C17C700588719 /* FirebaseStorageCombine-Community */; };
		045372F12A0C191D00588719 /* GoogleSignIn in Frameworks */ = {isa = PBXBuildFile; productRef = 045372F02A0C191D00588719 /* GoogleSignIn */; };
		045372F32A0C191D00588719 /* GoogleSignInSwift in Frameworks */ = {isa = PBXBuildFile; productRef = 045372F22A0C191D00588719 /* GoogleSignInSwift */; };
		04853BBD2A007FA500AFD400 /* AppDelegate.swift in Sources */ = {isa = PBXBuildFile; fileRef = 04853BBC2A007FA500AFD400 /* AppDelegate.swift */; };
		04853BBF2A007FA500AFD400 /* SceneDelegate.swift in Sources */ = {isa = PBXBuildFile; fileRef = 04853BBE2A007FA500AFD400 /* SceneDelegate.swift */; };
		04853BC12A007FA500AFD400 /* homeViewController.swift in Sources */ = {isa = PBXBuildFile; fileRef = 04853BC02A007FA500AFD400 /* homeViewController.swift */; };
		04853BC62A007FA500AFD400 /* Assets.xcassets in Resources */ = {isa = PBXBuildFile; fileRef = 04853BC52A007FA500AFD400 /* Assets.xcassets */; };
		04853BC92A007FA500AFD400 /* LaunchScreen.storyboard in Resources */ = {isa = PBXBuildFile; fileRef = 04853BC72A007FA500AFD400 /* LaunchScreen.storyboard */; };
		0486DC6B2A041EFF0080375D /* languageKey.swift in Sources */ = {isa = PBXBuildFile; fileRef = 0486DC6A2A041EFF0080375D /* languageKey.swift */; };
		0486DC6D2A0431D00080375D /* signUpViewController.swift in Sources */ = {isa = PBXBuildFile; fileRef = 0486DC6C2A0431D00080375D /* signUpViewController.swift */; };
		0486DC752A044E550080375D /* localizationSystem.swift in Sources */ = {isa = PBXBuildFile; fileRef = 0486DC742A044E550080375D /* localizationSystem.swift */; };
		048864E42A01AC1000CB2206 /* CustomButton.swift in Sources */ = {isa = PBXBuildFile; fileRef = 048864E32A01AC1000CB2206 /* CustomButton.swift */; };
		048906492A03DE2C004F3CBB /* constraintUIview.swift in Sources */ = {isa = PBXBuildFile; fileRef = 048906482A03DE2C004F3CBB /* constraintUIview.swift */; };
		04893CEE2A00967400213D88 /* Localizable.strings in Resources */ = {isa = PBXBuildFile; fileRef = 04893CF02A00967400213D88 /* Localizable.strings */; };
		04893CF32A00A56A00213D88 /* localizationView.swift in Sources */ = {isa = PBXBuildFile; fileRef = 04893CF22A00A56A00213D88 /* localizationView.swift */; };
		048B70602A097416006E584E /* utilities.swift in Sources */ = {isa = PBXBuildFile; fileRef = 048B705F2A097416006E584E /* utilities.swift */; };
		048B70622A09A5F5006E584E /* authService.swift in Sources */ = {isa = PBXBuildFile; fileRef = 048B70612A09A5F5006E584E /* authService.swift */; };
		049C9AE12A081B7100952785 /* GoogleService-Info.plist in Resources */ = {isa = PBXBuildFile; fileRef = 049C9AE02A081B7100952785 /* GoogleService-Info.plist */; };
		37112C422A0A72CF0079C0D8 /* CircularCheckBox.swift in Sources */ = {isa = PBXBuildFile; fileRef = 37112C412A0A72CF0079C0D8 /* CircularCheckBox.swift */; };
		375F34772A07B609003A10E5 /* lightTheme.swift in Sources */ = {isa = PBXBuildFile; fileRef = 375F34762A07B609003A10E5 /* lightTheme.swift */; };
		375F34792A07B61C003A10E5 /* darkTheme.swift in Sources */ = {isa = PBXBuildFile; fileRef = 375F34782A07B61C003A10E5 /* darkTheme.swift */; };
		375F347B2A07B629003A10E5 /* theme.swift in Sources */ = {isa = PBXBuildFile; fileRef = 375F347A2A07B629003A10E5 /* theme.swift */; };
		375F347D2A07B63E003A10E5 /* themeProtocol.swift in Sources */ = {isa = PBXBuildFile; fileRef = 375F347C2A07B63E003A10E5 /* themeProtocol.swift */; };
		375F347F2A07CBDC003A10E5 /* LoginViewController.swift in Sources */ = {isa = PBXBuildFile; fileRef = 375F347E2A07CBDC003A10E5 /* LoginViewController.swift */; };
		C75941602A0B7F6700C1292A /* loginwithgoogle.swift in Sources */ = {isa = PBXBuildFile; fileRef = C759415F2A0B7F6700C1292A /* loginwithgoogle.swift */; };
/* End PBXBuildFile section */

/* Begin PBXFileReference section */
		04187FFF2A01D2E800E33CB4 /* localization.swift */ = {isa = PBXFileReference; lastKnownFileType = sourcecode.swift; path = localization.swift; sourceTree = "<group>"; };
		045372CB2A0C161C00588719 /* customAlert.swift */ = {isa = PBXFileReference; lastKnownFileType = sourcecode.swift; path = customAlert.swift; sourceTree = "<group>"; };
		04853BB92A007FA500AFD400 /* template-ios.app */ = {isa = PBXFileReference; explicitFileType = wrapper.application; includeInIndex = 0; path = "template-ios.app"; sourceTree = BUILT_PRODUCTS_DIR; };
		04853BBC2A007FA500AFD400 /* AppDelegate.swift */ = {isa = PBXFileReference; lastKnownFileType = sourcecode.swift; path = AppDelegate.swift; sourceTree = "<group>"; };
		04853BBE2A007FA500AFD400 /* SceneDelegate.swift */ = {isa = PBXFileReference; lastKnownFileType = sourcecode.swift; path = SceneDelegate.swift; sourceTree = "<group>"; };
		04853BC02A007FA500AFD400 /* homeViewController.swift */ = {isa = PBXFileReference; lastKnownFileType = sourcecode.swift; path = homeViewController.swift; sourceTree = "<group>"; };
		04853BC52A007FA500AFD400 /* Assets.xcassets */ = {isa = PBXFileReference; lastKnownFileType = folder.assetcatalog; path = Assets.xcassets; sourceTree = "<group>"; };
		04853BC82A007FA500AFD400 /* Base */ = {isa = PBXFileReference; lastKnownFileType = file.storyboard; name = Base; path = Base.lproj/LaunchScreen.storyboard; sourceTree = "<group>"; };
		04853BCA2A007FA500AFD400 /* Info.plist */ = {isa = PBXFileReference; lastKnownFileType = text.plist.xml; path = Info.plist; sourceTree = "<group>"; };
		04853BD02A00874E00AFD400 /* ar */ = {isa = PBXFileReference; lastKnownFileType = text.plist.strings; name = ar; path = ar.lproj/LaunchScreen.strings; sourceTree = "<group>"; };
		04853BD22A00899400AFD400 /* en */ = {isa = PBXFileReference; lastKnownFileType = text.plist.strings; name = en; path = en.lproj/LaunchScreen.strings; sourceTree = "<group>"; };
		0486DC6A2A041EFF0080375D /* languageKey.swift */ = {isa = PBXFileReference; lastKnownFileType = sourcecode.swift; path = languageKey.swift; sourceTree = "<group>"; };
		0486DC6C2A0431D00080375D /* signUpViewController.swift */ = {isa = PBXFileReference; lastKnownFileType = sourcecode.swift; path = signUpViewController.swift; sourceTree = "<group>"; };
		0486DC742A044E550080375D /* localizationSystem.swift */ = {isa = PBXFileReference; lastKnownFileType = sourcecode.swift; path = localizationSystem.swift; sourceTree = "<group>"; };
		048864E32A01AC1000CB2206 /* CustomButton.swift */ = {isa = PBXFileReference; lastKnownFileType = sourcecode.swift; path = CustomButton.swift; sourceTree = "<group>"; };
		048906482A03DE2C004F3CBB /* constraintUIview.swift */ = {isa = PBXFileReference; lastKnownFileType = sourcecode.swift; path = constraintUIview.swift; sourceTree = "<group>"; };
		04893CEF2A00967400213D88 /* ar */ = {isa = PBXFileReference; lastKnownFileType = text.plist.strings; name = ar; path = ar.lproj/Localizable.strings; sourceTree = "<group>"; };
		04893CF12A00967B00213D88 /* en */ = {isa = PBXFileReference; lastKnownFileType = text.plist.strings; name = en; path = en.lproj/Localizable.strings; sourceTree = "<group>"; };
		04893CF22A00A56A00213D88 /* localizationView.swift */ = {isa = PBXFileReference; lastKnownFileType = sourcecode.swift; path = localizationView.swift; sourceTree = "<group>"; };
		048B705F2A097416006E584E /* utilities.swift */ = {isa = PBXFileReference; lastKnownFileType = sourcecode.swift; path = utilities.swift; sourceTree = "<group>"; };
		048B70612A09A5F5006E584E /* authService.swift */ = {isa = PBXFileReference; lastKnownFileType = sourcecode.swift; path = authService.swift; sourceTree = "<group>"; };
		049C9AE02A081B7100952785 /* GoogleService-Info.plist */ = {isa = PBXFileReference; fileEncoding = 4; lastKnownFileType = text.plist.xml; path = "GoogleService-Info.plist"; sourceTree = "<group>"; };
		37112C412A0A72CF0079C0D8 /* CircularCheckBox.swift */ = {isa = PBXFileReference; lastKnownFileType = sourcecode.swift; path = CircularCheckBox.swift; sourceTree = "<group>"; };
		375F34762A07B609003A10E5 /* lightTheme.swift */ = {isa = PBXFileReference; lastKnownFileType = sourcecode.swift; path = lightTheme.swift; sourceTree = "<group>"; };
		375F34782A07B61C003A10E5 /* darkTheme.swift */ = {isa = PBXFileReference; lastKnownFileType = sourcecode.swift; path = darkTheme.swift; sourceTree = "<group>"; };
		375F347A2A07B629003A10E5 /* theme.swift */ = {isa = PBXFileReference; lastKnownFileType = sourcecode.swift; path = theme.swift; sourceTree = "<group>"; };
		375F347C2A07B63E003A10E5 /* themeProtocol.swift */ = {isa = PBXFileReference; lastKnownFileType = sourcecode.swift; path = themeProtocol.swift; sourceTree = "<group>"; };
		375F347E2A07CBDC003A10E5 /* LoginViewController.swift */ = {isa = PBXFileReference; lastKnownFileType = sourcecode.swift; path = LoginViewController.swift; sourceTree = "<group>"; };
		C759415F2A0B7F6700C1292A /* loginwithgoogle.swift */ = {isa = PBXFileReference; lastKnownFileType = sourcecode.swift; path = loginwithgoogle.swift; sourceTree = "<group>"; };
/* End PBXFileReference section */

/* Begin PBXFrameworksBuildPhase section */
		04853BB62A007FA500AFD400 /* Frameworks */ = {
			isa = PBXFrameworksBuildPhase;
			buildActionMask = 2147483647;
			files = (
				045372E62A0C17C700588719 /* FirebaseDatabaseSwift in Frameworks */,
				045372E22A0C17C700588719 /* FirebaseAuthCombine-Community in Frameworks */,
				045372F12A0C191D00588719 /* GoogleSignIn in Frameworks */,
				045372F32A0C191D00588719 /* GoogleSignInSwift in Frameworks */,
				045372EA2A0C17C700588719 /* FirebaseFirestoreCombine-Community in Frameworks */,
				045372E02A0C17C700588719 /* FirebaseAuth in Frameworks */,
				045372E82A0C17C700588719 /* FirebaseFirestore in Frameworks */,
				045372DC2A0C17C700588719 /* FirebaseAnalytics in Frameworks */,
				045372EC2A0C17C700588719 /* FirebaseStorage in Frameworks */,
				045372E42A0C17C700588719 /* FirebaseDatabase in Frameworks */,
				045372EE2A0C17C700588719 /* FirebaseStorageCombine-Community in Frameworks */,
				045372DE2A0C17C700588719 /* FirebaseAnalyticsOnDeviceConversion in Frameworks */,
			);
			runOnlyForDeploymentPostprocessing = 0;
		};
/* End PBXFrameworksBuildPhase section */

/* Begin PBXGroup section */
		04853BB02A007FA500AFD400 = {
			isa = PBXGroup;
			children = (
				0486DC762A0474C60080375D /* supporting file */,
				04853BBB2A007FA500AFD400 /* template-ios */,
				04853BBA2A007FA500AFD400 /* Products */,
			);
			sourceTree = "<group>";
		};
		04853BBA2A007FA500AFD400 /* Products */ = {
			isa = PBXGroup;
			children = (
				04853BB92A007FA500AFD400 /* template-ios.app */,
			);
			name = Products;
			sourceTree = "<group>";
		};
		04853BBB2A007FA500AFD400 /* template-ios */ = {
			isa = PBXGroup;
			children = (
				04893CF42A0131AA00213D88 /* common */,
				04893CF52A0131C200213D88 /* core */,
				04893CF62A0131EC00213D88 /* feature */,
				0489064A2A03E917004F3CBB /* initail */,
				04853BC52A007FA500AFD400 /* Assets.xcassets */,
				04853BC72A007FA500AFD400 /* LaunchScreen.storyboard */,
				04853BCA2A007FA500AFD400 /* Info.plist */,
				049C9AE02A081B7100952785 /* GoogleService-Info.plist */,
			);
			path = "template-ios";
			sourceTree = "<group>";
		};
		0486DC692A041ED70080375D /* constants */ = {
			isa = PBXGroup;
			children = (
				0486DC6A2A041EFF0080375D /* languageKey.swift */,
			);
			path = constants;
			sourceTree = "<group>";
		};
		0486DC762A0474C60080375D /* supporting file */ = {
			isa = PBXGroup;
			children = (
				04853BBE2A007FA500AFD400 /* SceneDelegate.swift */,
				04853BBC2A007FA500AFD400 /* AppDelegate.swift */,
			);
			path = "supporting file";
			sourceTree = "<group>";
		};
		048864DD2A017CFF00CB2206 /* auth */ = {
			isa = PBXGroup;
			children = (
				048C020A2A02C54A009B6EC6 /* controller */,
				048864E12A017D5100CB2206 /* service */,
				048864DF2A017D1400CB2206 /* model */,
				048864DE2A017D0700CB2206 /* view */,
			);
			path = auth;
			sourceTree = "<group>";
		};
		048864DE2A017D0700CB2206 /* view */ = {
			isa = PBXGroup;
			children = (
			);
			path = view;
			sourceTree = "<group>";
		};
		048864DF2A017D1400CB2206 /* model */ = {
			isa = PBXGroup;
			children = (
			);
			path = model;
			sourceTree = "<group>";
		};
		048864E12A017D5100CB2206 /* service */ = {
			isa = PBXGroup;
			children = (
				C759415F2A0B7F6700C1292A /* loginwithgoogle.swift */,
				048B70612A09A5F5006E584E /* authService.swift */,
			);
			path = service;
			sourceTree = "<group>";
		};
		048864E22A01ABD000CB2206 /* view */ = {
			isa = PBXGroup;
			children = (
				048864E32A01AC1000CB2206 /* CustomButton.swift */,
				045372CB2A0C161C00588719 /* customAlert.swift */,
			);
			path = view;
			sourceTree = "<group>";
		};
		048906472A03DDDC004F3CBB /* extension */ = {
			isa = PBXGroup;
			children = (
				048906482A03DE2C004F3CBB /* constraintUIview.swift */,
			);
			path = extension;
			sourceTree = "<group>";
		};
		0489064A2A03E917004F3CBB /* initail */ = {
			isa = PBXGroup;
			children = (
				04853BC02A007FA500AFD400 /* homeViewController.swift */,
				0489064B2A03E939004F3CBB /* view */,
			);
			path = initail;
			sourceTree = "<group>";
		};
		0489064B2A03E939004F3CBB /* view */ = {
			isa = PBXGroup;
			children = (
				04893CF22A00A56A00213D88 /* localizationView.swift */,
			);
			path = view;
			sourceTree = "<group>";
		};
		04893CF42A0131AA00213D88 /* common */ = {
			isa = PBXGroup;
			children = (
				048864E22A01ABD000CB2206 /* view */,
			);
			path = common;
			sourceTree = "<group>";
		};
		04893CF52A0131C200213D88 /* core */ = {
			isa = PBXGroup;
			children = (
				048B705E2A0973F4006E584E /* utilities */,
				375F34752A07B5F7003A10E5 /* theme */,
				0486DC692A041ED70080375D /* constants */,
				048906472A03DDDC004F3CBB /* extension */,
				04893CF72A01321600213D88 /* localization */,
			);
			path = core;
			sourceTree = "<group>";
		};
		04893CF62A0131EC00213D88 /* feature */ = {
			isa = PBXGroup;
			children = (
				048864DD2A017CFF00CB2206 /* auth */,
			);
			path = feature;
			sourceTree = "<group>";
		};
		04893CF72A01321600213D88 /* localization */ = {
			isa = PBXGroup;
			children = (
				04893CF82A01322E00213D88 /* logic */,
				04893CF02A00967400213D88 /* Localizable.strings */,
				0486DC742A044E550080375D /* localizationSystem.swift */,
			);
			path = localization;
			sourceTree = "<group>";
		};
		04893CF82A01322E00213D88 /* logic */ = {
			isa = PBXGroup;
			children = (
				04187FFF2A01D2E800E33CB4 /* localization.swift */,
			);
			path = logic;
			sourceTree = "<group>";
		};
		048B705E2A0973F4006E584E /* utilities */ = {
			isa = PBXGroup;
			children = (
				048B705F2A097416006E584E /* utilities.swift */,
			);
			path = utilities;
			sourceTree = "<group>";
		};
		048C020A2A02C54A009B6EC6 /* controller */ = {
			isa = PBXGroup;
			children = (
				0486DC6C2A0431D00080375D /* signUpViewController.swift */,
				375F347E2A07CBDC003A10E5 /* LoginViewController.swift */,
				37112C412A0A72CF0079C0D8 /* CircularCheckBox.swift */,
			);
			path = controller;
			sourceTree = "<group>";
		};
		375F34752A07B5F7003A10E5 /* theme */ = {
			isa = PBXGroup;
			children = (
				375F34762A07B609003A10E5 /* lightTheme.swift */,
				375F34782A07B61C003A10E5 /* darkTheme.swift */,
				375F347A2A07B629003A10E5 /* theme.swift */,
				375F347C2A07B63E003A10E5 /* themeProtocol.swift */,
			);
			path = theme;
			sourceTree = "<group>";
		};
/* End PBXGroup section */

/* Begin PBXNativeTarget section */
		04853BB82A007FA500AFD400 /* template-ios */ = {
			isa = PBXNativeTarget;
			buildConfigurationList = 04853BCD2A007FA500AFD400 /* Build configuration list for PBXNativeTarget "template-ios" */;
			buildPhases = (
				04853BB52A007FA500AFD400 /* Sources */,
				04853BB62A007FA500AFD400 /* Frameworks */,
				04853BB72A007FA500AFD400 /* Resources */,
			);
			buildRules = (
			);
			dependencies = (
			);
			name = "template-ios";
			packageProductDependencies = (
				045372DB2A0C17C700588719 /* FirebaseAnalytics */,
				045372DD2A0C17C700588719 /* FirebaseAnalyticsOnDeviceConversion */,
				045372DF2A0C17C700588719 /* FirebaseAuth */,
				045372E12A0C17C700588719 /* FirebaseAuthCombine-Community */,
				045372E32A0C17C700588719 /* FirebaseDatabase */,
				045372E52A0C17C700588719 /* FirebaseDatabaseSwift */,
				045372E72A0C17C700588719 /* FirebaseFirestore */,
				045372E92A0C17C700588719 /* FirebaseFirestoreCombine-Community */,
				045372EB2A0C17C700588719 /* FirebaseStorage */,
				045372ED2A0C17C700588719 /* FirebaseStorageCombine-Community */,
				045372F02A0C191D00588719 /* GoogleSignIn */,
				045372F22A0C191D00588719 /* GoogleSignInSwift */,
			);
			productName = "template-ios";
			productReference = 04853BB92A007FA500AFD400 /* template-ios.app */;
			productType = "com.apple.product-type.application";
		};
/* End PBXNativeTarget section */

/* Begin PBXProject section */
		04853BB12A007FA500AFD400 /* Project object */ = {
			isa = PBXProject;
			attributes = {
				BuildIndependentTargetsInParallel = 1;
				LastSwiftUpdateCheck = 1400;
				LastUpgradeCheck = 1400;
				TargetAttributes = {
					04853BB82A007FA500AFD400 = {
						CreatedOnToolsVersion = 14.0.1;
					};
				};
			};
			buildConfigurationList = 04853BB42A007FA500AFD400 /* Build configuration list for PBXProject "template-ios" */;
			compatibilityVersion = "Xcode 14.0";
			developmentRegion = en;
			hasScannedForEncodings = 0;
			knownRegions = (
				en,
				Base,
				ar,
			);
			mainGroup = 04853BB02A007FA500AFD400;
			packageReferences = (
				045372DA2A0C17C700588719 /* XCRemoteSwiftPackageReference "firebase-ios-sdk" */,
				045372EF2A0C191D00588719 /* XCRemoteSwiftPackageReference "GoogleSignIn-iOS" */,
			);
			productRefGroup = 04853BBA2A007FA500AFD400 /* Products */;
			projectDirPath = "";
			projectRoot = "";
			targets = (
				04853BB82A007FA500AFD400 /* template-ios */,
			);
		};
/* End PBXProject section */

/* Begin PBXResourcesBuildPhase section */
		04853BB72A007FA500AFD400 /* Resources */ = {
			isa = PBXResourcesBuildPhase;
			buildActionMask = 2147483647;
			files = (
				04853BC92A007FA500AFD400 /* LaunchScreen.storyboard in Resources */,
				049C9AE12A081B7100952785 /* GoogleService-Info.plist in Resources */,
				04893CEE2A00967400213D88 /* Localizable.strings in Resources */,
				04853BC62A007FA500AFD400 /* Assets.xcassets in Resources */,
			);
			runOnlyForDeploymentPostprocessing = 0;
		};
/* End PBXResourcesBuildPhase section */

/* Begin PBXSourcesBuildPhase section */
		04853BB52A007FA500AFD400 /* Sources */ = {
			isa = PBXSourcesBuildPhase;
			buildActionMask = 2147483647;
			files = (
				048B70602A097416006E584E /* utilities.swift in Sources */,
				048906492A03DE2C004F3CBB /* constraintUIview.swift in Sources */,
				375F347F2A07CBDC003A10E5 /* LoginViewController.swift in Sources */,
				375F347D2A07B63E003A10E5 /* themeProtocol.swift in Sources */,
				0486DC6B2A041EFF0080375D /* languageKey.swift in Sources */,
				C75941602A0B7F6700C1292A /* loginwithgoogle.swift in Sources */,
				37112C422A0A72CF0079C0D8 /* CircularCheckBox.swift in Sources */,
				04853BC12A007FA500AFD400 /* homeViewController.swift in Sources */,
				04893CF32A00A56A00213D88 /* localizationView.swift in Sources */,
				041880002A01D2E800E33CB4 /* localization.swift in Sources */,
				375F347B2A07B629003A10E5 /* theme.swift in Sources */,
				04853BBD2A007FA500AFD400 /* AppDelegate.swift in Sources */,
				375F34772A07B609003A10E5 /* lightTheme.swift in Sources */,
				04853BBF2A007FA500AFD400 /* SceneDelegate.swift in Sources */,
				048864E42A01AC1000CB2206 /* CustomButton.swift in Sources */,
				0486DC6D2A0431D00080375D /* signUpViewController.swift in Sources */,
				0486DC752A044E550080375D /* localizationSystem.swift in Sources */,
				375F34792A07B61C003A10E5 /* darkTheme.swift in Sources */,
				048B70622A09A5F5006E584E /* authService.swift in Sources */,
				045372CC2A0C161C00588719 /* customAlert.swift in Sources */,
			);
			runOnlyForDeploymentPostprocessing = 0;
		};
/* End PBXSourcesBuildPhase section */

/* Begin PBXVariantGroup section */
		04853BC72A007FA500AFD400 /* LaunchScreen.storyboard */ = {
			isa = PBXVariantGroup;
			children = (
				04853BC82A007FA500AFD400 /* Base */,
				04853BD02A00874E00AFD400 /* ar */,
				04853BD22A00899400AFD400 /* en */,
			);
			name = LaunchScreen.storyboard;
			sourceTree = "<group>";
		};
		04893CF02A00967400213D88 /* Localizable.strings */ = {
			isa = PBXVariantGroup;
			children = (
				04893CEF2A00967400213D88 /* ar */,
				04893CF12A00967B00213D88 /* en */,
			);
			name = Localizable.strings;
			sourceTree = "<group>";
		};
/* End PBXVariantGroup section */

/* Begin XCBuildConfiguration section */
		04853BCB2A007FA500AFD400 /* Debug */ = {
			isa = XCBuildConfiguration;
			buildSettings = {
				ALWAYS_SEARCH_USER_PATHS = NO;
				CLANG_ANALYZER_LOCALIZABILITY_NONLOCALIZED = YES;
				CLANG_ANALYZER_NONNULL = YES;
				CLANG_ANALYZER_NUMBER_OBJECT_CONVERSION = YES_AGGRESSIVE;
				CLANG_CXX_LANGUAGE_STANDARD = "gnu++20";
				CLANG_ENABLE_MODULES = YES;
				CLANG_ENABLE_OBJC_ARC = YES;
				CLANG_ENABLE_OBJC_WEAK = YES;
				CLANG_WARN_BLOCK_CAPTURE_AUTORELEASING = YES;
				CLANG_WARN_BOOL_CONVERSION = YES;
				CLANG_WARN_COMMA = YES;
				CLANG_WARN_CONSTANT_CONVERSION = YES;
				CLANG_WARN_DEPRECATED_OBJC_IMPLEMENTATIONS = YES;
				CLANG_WARN_DIRECT_OBJC_ISA_USAGE = YES_ERROR;
				CLANG_WARN_DOCUMENTATION_COMMENTS = YES;
				CLANG_WARN_EMPTY_BODY = YES;
				CLANG_WARN_ENUM_CONVERSION = YES;
				CLANG_WARN_INFINITE_RECURSION = YES;
				CLANG_WARN_INT_CONVERSION = YES;
				CLANG_WARN_NON_LITERAL_NULL_CONVERSION = YES;
				CLANG_WARN_OBJC_IMPLICIT_RETAIN_SELF = YES;
				CLANG_WARN_OBJC_LITERAL_CONVERSION = YES;
				CLANG_WARN_OBJC_ROOT_CLASS = YES_ERROR;
				CLANG_WARN_QUOTED_INCLUDE_IN_FRAMEWORK_HEADER = YES;
				CLANG_WARN_RANGE_LOOP_ANALYSIS = YES;
				CLANG_WARN_STRICT_PROTOTYPES = YES;
				CLANG_WARN_SUSPICIOUS_MOVE = YES;
				CLANG_WARN_UNGUARDED_AVAILABILITY = YES_AGGRESSIVE;
				CLANG_WARN_UNREACHABLE_CODE = YES;
				CLANG_WARN__DUPLICATE_METHOD_MATCH = YES;
				COPY_PHASE_STRIP = NO;
				DEBUG_INFORMATION_FORMAT = dwarf;
				ENABLE_STRICT_OBJC_MSGSEND = YES;
				ENABLE_TESTABILITY = YES;
				GCC_C_LANGUAGE_STANDARD = gnu11;
				GCC_DYNAMIC_NO_PIC = NO;
				GCC_NO_COMMON_BLOCKS = YES;
				GCC_OPTIMIZATION_LEVEL = 0;
				GCC_PREPROCESSOR_DEFINITIONS = (
					"DEBUG=1",
					"$(inherited)",
				);
				GCC_WARN_64_TO_32_BIT_CONVERSION = YES;
				GCC_WARN_ABOUT_RETURN_TYPE = YES_ERROR;
				GCC_WARN_UNDECLARED_SELECTOR = YES;
				GCC_WARN_UNINITIALIZED_AUTOS = YES_AGGRESSIVE;
				GCC_WARN_UNUSED_FUNCTION = YES;
				GCC_WARN_UNUSED_VARIABLE = YES;
				IPHONEOS_DEPLOYMENT_TARGET = 16.0;
				MTL_ENABLE_DEBUG_INFO = INCLUDE_SOURCE;
				MTL_FAST_MATH = YES;
				ONLY_ACTIVE_ARCH = YES;
				SDKROOT = iphoneos;
				SWIFT_ACTIVE_COMPILATION_CONDITIONS = DEBUG;
				SWIFT_OPTIMIZATION_LEVEL = "-Onone";
			};
			name = Debug;
		};
		04853BCC2A007FA500AFD400 /* Release */ = {
			isa = XCBuildConfiguration;
			buildSettings = {
				ALWAYS_SEARCH_USER_PATHS = NO;
				CLANG_ANALYZER_LOCALIZABILITY_NONLOCALIZED = YES;
				CLANG_ANALYZER_NONNULL = YES;
				CLANG_ANALYZER_NUMBER_OBJECT_CONVERSION = YES_AGGRESSIVE;
				CLANG_CXX_LANGUAGE_STANDARD = "gnu++20";
				CLANG_ENABLE_MODULES = YES;
				CLANG_ENABLE_OBJC_ARC = YES;
				CLANG_ENABLE_OBJC_WEAK = YES;
				CLANG_WARN_BLOCK_CAPTURE_AUTORELEASING = YES;
				CLANG_WARN_BOOL_CONVERSION = YES;
				CLANG_WARN_COMMA = YES;
				CLANG_WARN_CONSTANT_CONVERSION = YES;
				CLANG_WARN_DEPRECATED_OBJC_IMPLEMENTATIONS = YES;
				CLANG_WARN_DIRECT_OBJC_ISA_USAGE = YES_ERROR;
				CLANG_WARN_DOCUMENTATION_COMMENTS = YES;
				CLANG_WARN_EMPTY_BODY = YES;
				CLANG_WARN_ENUM_CONVERSION = YES;
				CLANG_WARN_INFINITE_RECURSION = YES;
				CLANG_WARN_INT_CONVERSION = YES;
				CLANG_WARN_NON_LITERAL_NULL_CONVERSION = YES;
				CLANG_WARN_OBJC_IMPLICIT_RETAIN_SELF = YES;
				CLANG_WARN_OBJC_LITERAL_CONVERSION = YES;
				CLANG_WARN_OBJC_ROOT_CLASS = YES_ERROR;
				CLANG_WARN_QUOTED_INCLUDE_IN_FRAMEWORK_HEADER = YES;
				CLANG_WARN_RANGE_LOOP_ANALYSIS = YES;
				CLANG_WARN_STRICT_PROTOTYPES = YES;
				CLANG_WARN_SUSPICIOUS_MOVE = YES;
				CLANG_WARN_UNGUARDED_AVAILABILITY = YES_AGGRESSIVE;
				CLANG_WARN_UNREACHABLE_CODE = YES;
				CLANG_WARN__DUPLICATE_METHOD_MATCH = YES;
				COPY_PHASE_STRIP = NO;
				DEBUG_INFORMATION_FORMAT = "dwarf-with-dsym";
				ENABLE_NS_ASSERTIONS = NO;
				ENABLE_STRICT_OBJC_MSGSEND = YES;
				GCC_C_LANGUAGE_STANDARD = gnu11;
				GCC_NO_COMMON_BLOCKS = YES;
				GCC_WARN_64_TO_32_BIT_CONVERSION = YES;
				GCC_WARN_ABOUT_RETURN_TYPE = YES_ERROR;
				GCC_WARN_UNDECLARED_SELECTOR = YES;
				GCC_WARN_UNINITIALIZED_AUTOS = YES_AGGRESSIVE;
				GCC_WARN_UNUSED_FUNCTION = YES;
				GCC_WARN_UNUSED_VARIABLE = YES;
				IPHONEOS_DEPLOYMENT_TARGET = 16.0;
				MTL_ENABLE_DEBUG_INFO = NO;
				MTL_FAST_MATH = YES;
				SDKROOT = iphoneos;
				SWIFT_COMPILATION_MODE = wholemodule;
				SWIFT_OPTIMIZATION_LEVEL = "-O";
				VALIDATE_PRODUCT = YES;
			};
			name = Release;
		};
		04853BCE2A007FA500AFD400 /* Debug */ = {
			isa = XCBuildConfiguration;
			buildSettings = {
				ASSETCATALOG_COMPILER_APPICON_NAME = AppIcon;
				ASSETCATALOG_COMPILER_GLOBAL_ACCENT_COLOR_NAME = AccentColor;
				CODE_SIGN_STYLE = Automatic;
				CURRENT_PROJECT_VERSION = 1;
				GENERATE_INFOPLIST_FILE = YES;
				INFOPLIST_FILE = "template-ios/Info.plist";
				INFOPLIST_KEY_UIApplicationSupportsIndirectInputEvents = YES;
				INFOPLIST_KEY_UILaunchStoryboardName = LaunchScreen;
				INFOPLIST_KEY_UISupportedInterfaceOrientations_iPad = "UIInterfaceOrientationPortrait UIInterfaceOrientationPortraitUpsideDown UIInterfaceOrientationLandscapeLeft UIInterfaceOrientationLandscapeRight";
				INFOPLIST_KEY_UISupportedInterfaceOrientations_iPhone = "UIInterfaceOrientationPortrait UIInterfaceOrientationLandscapeLeft UIInterfaceOrientationLandscapeRight";
				LD_RUNPATH_SEARCH_PATHS = (
					"$(inherited)",
					"@executable_path/Frameworks",
				);
				MARKETING_VERSION = 1.0;
				PRODUCT_BUNDLE_IDENTIFIER = "com.template-ios";
				PRODUCT_NAME = "$(TARGET_NAME)";
				SWIFT_EMIT_LOC_STRINGS = YES;
				SWIFT_VERSION = 5.0;
				TARGETED_DEVICE_FAMILY = "1,2";
			};
			name = Debug;
		};
		04853BCF2A007FA500AFD400 /* Release */ = {
			isa = XCBuildConfiguration;
			buildSettings = {
				ASSETCATALOG_COMPILER_APPICON_NAME = AppIcon;
				ASSETCATALOG_COMPILER_GLOBAL_ACCENT_COLOR_NAME = AccentColor;
				CODE_SIGN_STYLE = Automatic;
				CURRENT_PROJECT_VERSION = 1;
				GENERATE_INFOPLIST_FILE = YES;
				INFOPLIST_FILE = "template-ios/Info.plist";
				INFOPLIST_KEY_UIApplicationSupportsIndirectInputEvents = YES;
				INFOPLIST_KEY_UILaunchStoryboardName = LaunchScreen;
				INFOPLIST_KEY_UISupportedInterfaceOrientations_iPad = "UIInterfaceOrientationPortrait UIInterfaceOrientationPortraitUpsideDown UIInterfaceOrientationLandscapeLeft UIInterfaceOrientationLandscapeRight";
				INFOPLIST_KEY_UISupportedInterfaceOrientations_iPhone = "UIInterfaceOrientationPortrait UIInterfaceOrientationLandscapeLeft UIInterfaceOrientationLandscapeRight";
				LD_RUNPATH_SEARCH_PATHS = (
					"$(inherited)",
					"@executable_path/Frameworks",
				);
				MARKETING_VERSION = 1.0;
				PRODUCT_BUNDLE_IDENTIFIER = "com.template-ios";
				PRODUCT_NAME = "$(TARGET_NAME)";
				SWIFT_EMIT_LOC_STRINGS = YES;
				SWIFT_VERSION = 5.0;
				TARGETED_DEVICE_FAMILY = "1,2";
			};
			name = Release;
		};
/* End XCBuildConfiguration section */

/* Begin XCConfigurationList section */
		04853BB42A007FA500AFD400 /* Build configuration list for PBXProject "template-ios" */ = {
			isa = XCConfigurationList;
			buildConfigurations = (
				04853BCB2A007FA500AFD400 /* Debug */,
				04853BCC2A007FA500AFD400 /* Release */,
			);
			defaultConfigurationIsVisible = 0;
			defaultConfigurationName = Release;
		};
		04853BCD2A007FA500AFD400 /* Build configuration list for PBXNativeTarget "template-ios" */ = {
			isa = XCConfigurationList;
			buildConfigurations = (
				04853BCE2A007FA500AFD400 /* Debug */,
				04853BCF2A007FA500AFD400 /* Release */,
			);
			defaultConfigurationIsVisible = 0;
			defaultConfigurationName = Release;
		};
/* End XCConfigurationList section */

/* Begin XCRemoteSwiftPackageReference section */
		045372DA2A0C17C700588719 /* XCRemoteSwiftPackageReference "firebase-ios-sdk" */ = {
			isa = XCRemoteSwiftPackageReference;
			repositoryURL = "https://github.com/firebase/firebase-ios-sdk";
			requirement = {
				branch = master;
				kind = branch;
			};
		};
		045372EF2A0C191D00588719 /* XCRemoteSwiftPackageReference "GoogleSignIn-iOS" */ = {
			isa = XCRemoteSwiftPackageReference;
			repositoryURL = "https://github.com/google/GoogleSignIn-iOS.git";
			requirement = {
				branch = main;
				kind = branch;
			};
		};
/* End XCRemoteSwiftPackageReference section */

/* Begin XCSwiftPackageProductDependency section */
		045372DB2A0C17C700588719 /* FirebaseAnalytics */ = {
			isa = XCSwiftPackageProductDependency;
			package = 045372DA2A0C17C700588719 /* XCRemoteSwiftPackageReference "firebase-ios-sdk" */;
			productName = FirebaseAnalytics;
		};
		045372DD2A0C17C700588719 /* FirebaseAnalyticsOnDeviceConversion */ = {
			isa = XCSwiftPackageProductDependency;
			package = 045372DA2A0C17C700588719 /* XCRemoteSwiftPackageReference "firebase-ios-sdk" */;
			productName = FirebaseAnalyticsOnDeviceConversion;
		};
		045372DF2A0C17C700588719 /* FirebaseAuth */ = {
			isa = XCSwiftPackageProductDependency;
			package = 045372DA2A0C17C700588719 /* XCRemoteSwiftPackageReference "firebase-ios-sdk" */;
			productName = FirebaseAuth;
		};
		045372E12A0C17C700588719 /* FirebaseAuthCombine-Community */ = {
			isa = XCSwiftPackageProductDependency;
			package = 045372DA2A0C17C700588719 /* XCRemoteSwiftPackageReference "firebase-ios-sdk" */;
			productName = "FirebaseAuthCombine-Community";
		};
		045372E32A0C17C700588719 /* FirebaseDatabase */ = {
			isa = XCSwiftPackageProductDependency;
			package = 045372DA2A0C17C700588719 /* XCRemoteSwiftPackageReference "firebase-ios-sdk" */;
			productName = FirebaseDatabase;
		};
		045372E52A0C17C700588719 /* FirebaseDatabaseSwift */ = {
			isa = XCSwiftPackageProductDependency;
			package = 045372DA2A0C17C700588719 /* XCRemoteSwiftPackageReference "firebase-ios-sdk" */;
			productName = FirebaseDatabaseSwift;
		};
		045372E72A0C17C700588719 /* FirebaseFirestore */ = {
			isa = XCSwiftPackageProductDependency;
			package = 045372DA2A0C17C700588719 /* XCRemoteSwiftPackageReference "firebase-ios-sdk" */;
			productName = FirebaseFirestore;
		};
		045372E92A0C17C700588719 /* FirebaseFirestoreCombine-Community */ = {
			isa = XCSwiftPackageProductDependency;
			package = 045372DA2A0C17C700588719 /* XCRemoteSwiftPackageReference "firebase-ios-sdk" */;
			productName = "FirebaseFirestoreCombine-Community";
		};
		045372EB2A0C17C700588719 /* FirebaseStorage */ = {
			isa = XCSwiftPackageProductDependency;
			package = 045372DA2A0C17C700588719 /* XCRemoteSwiftPackageReference "firebase-ios-sdk" */;
			productName = FirebaseStorage;
		};
		045372ED2A0C17C700588719 /* FirebaseStorageCombine-Community */ = {
			isa = XCSwiftPackageProductDependency;
			package = 045372DA2A0C17C700588719 /* XCRemoteSwiftPackageReference "firebase-ios-sdk" */;
			productName = "FirebaseStorageCombine-Community";
		};
		045372F02A0C191D00588719 /* GoogleSignIn */ = {
			isa = XCSwiftPackageProductDependency;
			package = 045372EF2A0C191D00588719 /* XCRemoteSwiftPackageReference "GoogleSignIn-iOS" */;
			productName = GoogleSignIn;
		};
		045372F22A0C191D00588719 /* GoogleSignInSwift */ = {
			isa = XCSwiftPackageProductDependency;
			package = 045372EF2A0C191D00588719 /* XCRemoteSwiftPackageReference "GoogleSignIn-iOS" */;
			productName = GoogleSignInSwift;
		};
/* End XCSwiftPackageProductDependency section */
	};
	rootObject = 04853BB12A007FA500AFD400 /* Project object */;
}
